// !$*UTF8*$!
{
	archiveVersion = 1;
	classes = {
	};
	objectVersion = 56;
	objects = {

/* Begin PBXBuildFile section */
		5702EEE12A7E299C00C484CF /* AppDelegate.swift in Sources */ = {isa = PBXBuildFile; fileRef = 5702EEE02A7E299C00C484CF /* AppDelegate.swift */; };
		5702EEE32A7E299C00C484CF /* SceneDelegate.swift in Sources */ = {isa = PBXBuildFile; fileRef = 5702EEE22A7E299C00C484CF /* SceneDelegate.swift */; };
		5702EEEA2A7E299F00C484CF /* Assets.xcassets in Resources */ = {isa = PBXBuildFile; fileRef = 5702EEE92A7E299F00C484CF /* Assets.xcassets */; };
		5702EEED2A7E299F00C484CF /* LaunchScreen.storyboard in Resources */ = {isa = PBXBuildFile; fileRef = 5702EEEB2A7E299F00C484CF /* LaunchScreen.storyboard */; };
		5702EEF92A7E314300C484CF /* AppViewController.swift in Sources */ = {isa = PBXBuildFile; fileRef = 5702EEF82A7E314300C484CF /* AppViewController.swift */; };
		5702EEFB2A7E31F500C484CF /* NavigationController.swift in Sources */ = {isa = PBXBuildFile; fileRef = 5702EEFA2A7E31F500C484CF /* NavigationController.swift */; };
		5702EEFD2A7E324B00C484CF /* ViewController.swift in Sources */ = {isa = PBXBuildFile; fileRef = 5702EEFC2A7E324B00C484CF /* ViewController.swift */; };
		5702EF002A7E32D400C484CF /* UIViewController+Extensions.swift in Sources */ = {isa = PBXBuildFile; fileRef = 5702EEFF2A7E32D400C484CF /* UIViewController+Extensions.swift */; };
		5702EF0F2A7EA14600C484CF /* FeedViewController.swift in Sources */ = {isa = PBXBuildFile; fileRef = 5702EF082A7EA14600C484CF /* FeedViewController.swift */; };
		5702EF102A7EA14600C484CF /* FeedModel.swift in Sources */ = {isa = PBXBuildFile; fileRef = 5702EF0A2A7EA14600C484CF /* FeedModel.swift */; };
		5702EF112A7EA14600C484CF /* FeedView.swift in Sources */ = {isa = PBXBuildFile; fileRef = 5702EF0C2A7EA14600C484CF /* FeedView.swift */; };
		5702EF122A7EA14600C484CF /* FeedRouter.swift in Sources */ = {isa = PBXBuildFile; fileRef = 5702EF0E2A7EA14600C484CF /* FeedRouter.swift */; };
/* End PBXBuildFile section */

/* Begin PBXFileReference section */
		5702EEDD2A7E299C00C484CF /* newsfeed.app */ = {isa = PBXFileReference; explicitFileType = wrapper.application; includeInIndex = 0; path = newsfeed.app; sourceTree = BUILT_PRODUCTS_DIR; };
		5702EEE02A7E299C00C484CF /* AppDelegate.swift */ = {isa = PBXFileReference; lastKnownFileType = sourcecode.swift; path = AppDelegate.swift; sourceTree = "<group>"; };
		5702EEE22A7E299C00C484CF /* SceneDelegate.swift */ = {isa = PBXFileReference; lastKnownFileType = sourcecode.swift; path = SceneDelegate.swift; sourceTree = "<group>"; };
		5702EEE92A7E299F00C484CF /* Assets.xcassets */ = {isa = PBXFileReference; lastKnownFileType = folder.assetcatalog; path = Assets.xcassets; sourceTree = "<group>"; };
		5702EEEC2A7E299F00C484CF /* Base */ = {isa = PBXFileReference; lastKnownFileType = file.storyboard; name = Base; path = Base.lproj/LaunchScreen.storyboard; sourceTree = "<group>"; };
		5702EEEE2A7E299F00C484CF /* Info.plist */ = {isa = PBXFileReference; lastKnownFileType = text.plist.xml; path = Info.plist; sourceTree = "<group>"; };
		5702EEF82A7E314300C484CF /* AppViewController.swift */ = {isa = PBXFileReference; lastKnownFileType = sourcecode.swift; path = AppViewController.swift; sourceTree = "<group>"; };
		5702EEFA2A7E31F500C484CF /* NavigationController.swift */ = {isa = PBXFileReference; lastKnownFileType = sourcecode.swift; path = NavigationController.swift; sourceTree = "<group>"; };
		5702EEFC2A7E324B00C484CF /* ViewController.swift */ = {isa = PBXFileReference; lastKnownFileType = sourcecode.swift; path = ViewController.swift; sourceTree = "<group>"; };
		5702EEFF2A7E32D400C484CF /* UIViewController+Extensions.swift */ = {isa = PBXFileReference; lastKnownFileType = sourcecode.swift; path = "UIViewController+Extensions.swift"; sourceTree = "<group>"; };
		5702EF082A7EA14600C484CF /* FeedViewController.swift */ = {isa = PBXFileReference; fileEncoding = 4; lastKnownFileType = sourcecode.swift; path = FeedViewController.swift; sourceTree = "<group>"; };
		5702EF0A2A7EA14600C484CF /* FeedModel.swift */ = {isa = PBXFileReference; fileEncoding = 4; lastKnownFileType = sourcecode.swift; path = FeedModel.swift; sourceTree = "<group>"; };
		5702EF0C2A7EA14600C484CF /* FeedView.swift */ = {isa = PBXFileReference; fileEncoding = 4; lastKnownFileType = sourcecode.swift; path = FeedView.swift; sourceTree = "<group>"; };
		5702EF0E2A7EA14600C484CF /* FeedRouter.swift */ = {isa = PBXFileReference; fileEncoding = 4; lastKnownFileType = sourcecode.swift; path = FeedRouter.swift; sourceTree = "<group>"; };
/* End PBXFileReference section */

/* Begin PBXFrameworksBuildPhase section */
		5702EEDA2A7E299C00C484CF /* Frameworks */ = {
			isa = PBXFrameworksBuildPhase;
			buildActionMask = 2147483647;
			files = (
			);
			runOnlyForDeploymentPostprocessing = 0;
		};
/* End PBXFrameworksBuildPhase section */

/* Begin PBXGroup section */
		5702EED42A7E299C00C484CF = {
			isa = PBXGroup;
			children = (
				5702EEDF2A7E299C00C484CF /* newsfeed */,
				5702EEDE2A7E299C00C484CF /* Products */,
			);
			sourceTree = "<group>";
		};
		5702EEDE2A7E299C00C484CF /* Products */ = {
			isa = PBXGroup;
			children = (
				5702EEDD2A7E299C00C484CF /* newsfeed.app */,
			);
			name = Products;
			sourceTree = "<group>";
		};
		5702EEDF2A7E299C00C484CF /* newsfeed */ = {
			isa = PBXGroup;
			children = (
				5702EEF42A7E30F600C484CF /* Presentation */,
				5702EEF52A7E310200C484CF /* Logic */,
				5702EEFE2A7E32BE00C484CF /* Extensions */,
				5702EF012A7E335C00C484CF /* Resources */,
				5702EEEE2A7E299F00C484CF /* Info.plist */,
			);
			path = newsfeed;
			sourceTree = "<group>";
		};
		5702EEF42A7E30F600C484CF /* Presentation */ = {
			isa = PBXGroup;
			children = (
				5702EF062A7EA14600C484CF /* Feed */,
				5702EEF62A7E312A00C484CF /* Common */,
			);
			path = Presentation;
			sourceTree = "<group>";
		};
		5702EEF52A7E310200C484CF /* Logic */ = {
			isa = PBXGroup;
			children = (
			);
			path = Logic;
			sourceTree = "<group>";
		};
		5702EEF62A7E312A00C484CF /* Common */ = {
			isa = PBXGroup;
			children = (
				5702EEF72A7E312F00C484CF /* Controller */,
			);
			path = Common;
			sourceTree = "<group>";
		};
		5702EEF72A7E312F00C484CF /* Controller */ = {
			isa = PBXGroup;
			children = (
				5702EEFC2A7E324B00C484CF /* ViewController.swift */,
				5702EEF82A7E314300C484CF /* AppViewController.swift */,
				5702EEFA2A7E31F500C484CF /* NavigationController.swift */,
			);
			path = Controller;
			sourceTree = "<group>";
		};
		5702EEFE2A7E32BE00C484CF /* Extensions */ = {
			isa = PBXGroup;
			children = (
				5702EEFF2A7E32D400C484CF /* UIViewController+Extensions.swift */,
			);
			path = Extensions;
			sourceTree = "<group>";
		};
		5702EF012A7E335C00C484CF /* Resources */ = {
			isa = PBXGroup;
			children = (
				5702EEE02A7E299C00C484CF /* AppDelegate.swift */,
				5702EEE22A7E299C00C484CF /* SceneDelegate.swift */,
				5702EEE92A7E299F00C484CF /* Assets.xcassets */,
				5702EEEB2A7E299F00C484CF /* LaunchScreen.storyboard */,
			);
			path = Resources;
			sourceTree = "<group>";
		};
		5702EF062A7EA14600C484CF /* Feed */ = {
			isa = PBXGroup;
			children = (
				5702EF072A7EA14600C484CF /* Controller */,
				5702EF092A7EA14600C484CF /* Model */,
				5702EF0B2A7EA14600C484CF /* View */,
				5702EF0D2A7EA14600C484CF /* Router */,
			);
			path = Feed;
			sourceTree = "<group>";
		};
		5702EF072A7EA14600C484CF /* Controller */ = {
			isa = PBXGroup;
			children = (
				5702EF082A7EA14600C484CF /* FeedViewController.swift */,
			);
			path = Controller;
			sourceTree = "<group>";
		};
		5702EF092A7EA14600C484CF /* Model */ = {
			isa = PBXGroup;
			children = (
				5702EF0A2A7EA14600C484CF /* FeedModel.swift */,
			);
			path = Model;
			sourceTree = "<group>";
		};
		5702EF0B2A7EA14600C484CF /* View */ = {
			isa = PBXGroup;
			children = (
				5702EF0C2A7EA14600C484CF /* FeedView.swift */,
			);
			path = View;
			sourceTree = "<group>";
		};
		5702EF0D2A7EA14600C484CF /* Router */ = {
			isa = PBXGroup;
			children = (
				5702EF0E2A7EA14600C484CF /* FeedRouter.swift */,
			);
			path = Router;
			sourceTree = "<group>";
		};
/* End PBXGroup section */

/* Begin PBXNativeTarget section */
		5702EEDC2A7E299C00C484CF /* newsfeed */ = {
			isa = PBXNativeTarget;
			buildConfigurationList = 5702EEF12A7E299F00C484CF /* Build configuration list for PBXNativeTarget "newsfeed" */;
			buildPhases = (
				5702EED92A7E299C00C484CF /* Sources */,
				5702EEDA2A7E299C00C484CF /* Frameworks */,
				5702EEDB2A7E299C00C484CF /* Resources */,
			);
			buildRules = (
			);
			dependencies = (
			);
			name = newsfeed;
			productName = newsfeed;
			productReference = 5702EEDD2A7E299C00C484CF /* newsfeed.app */;
			productType = "com.apple.product-type.application";
		};
/* End PBXNativeTarget section */

/* Begin PBXProject section */
		5702EED52A7E299C00C484CF /* Project object */ = {
			isa = PBXProject;
			attributes = {
				BuildIndependentTargetsInParallel = 1;
				LastSwiftUpdateCheck = 1430;
				LastUpgradeCheck = 1430;
				TargetAttributes = {
					5702EEDC2A7E299C00C484CF = {
						CreatedOnToolsVersion = 14.3;
					};
				};
			};
			buildConfigurationList = 5702EED82A7E299C00C484CF /* Build configuration list for PBXProject "newsfeed" */;
			compatibilityVersion = "Xcode 14.0";
			developmentRegion = en;
			hasScannedForEncodings = 0;
			knownRegions = (
				en,
				Base,
			);
			mainGroup = 5702EED42A7E299C00C484CF;
			productRefGroup = 5702EEDE2A7E299C00C484CF /* Products */;
			projectDirPath = "";
			projectRoot = "";
			targets = (
				5702EEDC2A7E299C00C484CF /* newsfeed */,
			);
		};
/* End PBXProject section */

/* Begin PBXResourcesBuildPhase section */
		5702EEDB2A7E299C00C484CF /* Resources */ = {
			isa = PBXResourcesBuildPhase;
			buildActionMask = 2147483647;
			files = (
				5702EEED2A7E299F00C484CF /* LaunchScreen.storyboard in Resources */,
				5702EEEA2A7E299F00C484CF /* Assets.xcassets in Resources */,
			);
			runOnlyForDeploymentPostprocessing = 0;
		};
/* End PBXResourcesBuildPhase section */

/* Begin PBXSourcesBuildPhase section */
		5702EED92A7E299C00C484CF /* Sources */ = {
			isa = PBXSourcesBuildPhase;
			buildActionMask = 2147483647;
			files = (
				5702EEFD2A7E324B00C484CF /* ViewController.swift in Sources */,
				5702EF112A7EA14600C484CF /* FeedView.swift in Sources */,
				5702EF122A7EA14600C484CF /* FeedRouter.swift in Sources */,
				5702EEE12A7E299C00C484CF /* AppDelegate.swift in Sources */,
				5702EEFB2A7E31F500C484CF /* NavigationController.swift in Sources */,
				5702EEF92A7E314300C484CF /* AppViewController.swift in Sources */,
				5702EF002A7E32D400C484CF /* UIViewController+Extensions.swift in Sources */,
				5702EEE32A7E299C00C484CF /* SceneDelegate.swift in Sources */,
				5702EF0F2A7EA14600C484CF /* FeedViewController.swift in Sources */,
				5702EF102A7EA14600C484CF /* FeedModel.swift in Sources */,
			);
			runOnlyForDeploymentPostprocessing = 0;
		};
/* End PBXSourcesBuildPhase section */

/* Begin PBXVariantGroup section */
		5702EEEB2A7E299F00C484CF /* LaunchScreen.storyboard */ = {
			isa = PBXVariantGroup;
			children = (
				5702EEEC2A7E299F00C484CF /* Base */,
			);
			name = LaunchScreen.storyboard;
			sourceTree = "<group>";
		};
/* End PBXVariantGroup section */

/* Begin XCBuildConfiguration section */
		5702EEEF2A7E299F00C484CF /* Debug */ = {
			isa = XCBuildConfiguration;
			buildSettings = {
				ALWAYS_SEARCH_USER_PATHS = NO;
				CLANG_ANALYZER_NONNULL = YES;
				CLANG_ANALYZER_NUMBER_OBJECT_CONVERSION = YES_AGGRESSIVE;
				CLANG_CXX_LANGUAGE_STANDARD = "gnu++20";
				CLANG_ENABLE_MODULES = YES;
				CLANG_ENABLE_OBJC_ARC = YES;
				CLANG_ENABLE_OBJC_WEAK = YES;
				CLANG_WARN_BLOCK_CAPTURE_AUTORELEASING = YES;
				CLANG_WARN_BOOL_CONVERSION = YES;
				CLANG_WARN_COMMA = YES;
				CLANG_WARN_CONSTANT_CONVERSION = YES;
				CLANG_WARN_DEPRECATED_OBJC_IMPLEMENTATIONS = YES;
				CLANG_WARN_DIRECT_OBJC_ISA_USAGE = YES_ERROR;
				CLANG_WARN_DOCUMENTATION_COMMENTS = YES;
				CLANG_WARN_EMPTY_BODY = YES;
				CLANG_WARN_ENUM_CONVERSION = YES;
				CLANG_WARN_INFINITE_RECURSION = YES;
				CLANG_WARN_INT_CONVERSION = YES;
				CLANG_WARN_NON_LITERAL_NULL_CONVERSION = YES;
				CLANG_WARN_OBJC_IMPLICIT_RETAIN_SELF = YES;
				CLANG_WARN_OBJC_LITERAL_CONVERSION = YES;
				CLANG_WARN_OBJC_ROOT_CLASS = YES_ERROR;
				CLANG_WARN_QUOTED_INCLUDE_IN_FRAMEWORK_HEADER = YES;
				CLANG_WARN_RANGE_LOOP_ANALYSIS = YES;
				CLANG_WARN_STRICT_PROTOTYPES = YES;
				CLANG_WARN_SUSPICIOUS_MOVE = YES;
				CLANG_WARN_UNGUARDED_AVAILABILITY = YES_AGGRESSIVE;
				CLANG_WARN_UNREACHABLE_CODE = YES;
				CLANG_WARN__DUPLICATE_METHOD_MATCH = YES;
				COPY_PHASE_STRIP = NO;
				DEBUG_INFORMATION_FORMAT = dwarf;
				ENABLE_STRICT_OBJC_MSGSEND = YES;
				ENABLE_TESTABILITY = YES;
				GCC_C_LANGUAGE_STANDARD = gnu11;
				GCC_DYNAMIC_NO_PIC = NO;
				GCC_NO_COMMON_BLOCKS = YES;
				GCC_OPTIMIZATION_LEVEL = 0;
				GCC_PREPROCESSOR_DEFINITIONS = (
					"DEBUG=1",
					"$(inherited)",
				);
				GCC_WARN_64_TO_32_BIT_CONVERSION = YES;
				GCC_WARN_ABOUT_RETURN_TYPE = YES_ERROR;
				GCC_WARN_UNDECLARED_SELECTOR = YES;
				GCC_WARN_UNINITIALIZED_AUTOS = YES_AGGRESSIVE;
				GCC_WARN_UNUSED_FUNCTION = YES;
				GCC_WARN_UNUSED_VARIABLE = YES;
				IPHONEOS_DEPLOYMENT_TARGET = 16.4;
				MTL_ENABLE_DEBUG_INFO = INCLUDE_SOURCE;
				MTL_FAST_MATH = YES;
				ONLY_ACTIVE_ARCH = YES;
				SDKROOT = iphoneos;
				SWIFT_ACTIVE_COMPILATION_CONDITIONS = DEBUG;
				SWIFT_OPTIMIZATION_LEVEL = "-Onone";
			};
			name = Debug;
		};
		5702EEF02A7E299F00C484CF /* Release */ = {
			isa = XCBuildConfiguration;
			buildSettings = {
				ALWAYS_SEARCH_USER_PATHS = NO;
				CLANG_ANALYZER_NONNULL = YES;
				CLANG_ANALYZER_NUMBER_OBJECT_CONVERSION = YES_AGGRESSIVE;
				CLANG_CXX_LANGUAGE_STANDARD = "gnu++20";
				CLANG_ENABLE_MODULES = YES;
				CLANG_ENABLE_OBJC_ARC = YES;
				CLANG_ENABLE_OBJC_WEAK = YES;
				CLANG_WARN_BLOCK_CAPTURE_AUTORELEASING = YES;
				CLANG_WARN_BOOL_CONVERSION = YES;
				CLANG_WARN_COMMA = YES;
				CLANG_WARN_CONSTANT_CONVERSION = YES;
				CLANG_WARN_DEPRECATED_OBJC_IMPLEMENTATIONS = YES;
				CLANG_WARN_DIRECT_OBJC_ISA_USAGE = YES_ERROR;
				CLANG_WARN_DOCUMENTATION_COMMENTS = YES;
				CLANG_WARN_EMPTY_BODY = YES;
				CLANG_WARN_ENUM_CONVERSION = YES;
				CLANG_WARN_INFINITE_RECURSION = YES;
				CLANG_WARN_INT_CONVERSION = YES;
				CLANG_WARN_NON_LITERAL_NULL_CONVERSION = YES;
				CLANG_WARN_OBJC_IMPLICIT_RETAIN_SELF = YES;
				CLANG_WARN_OBJC_LITERAL_CONVERSION = YES;
				CLANG_WARN_OBJC_ROOT_CLASS = YES_ERROR;
				CLANG_WARN_QUOTED_INCLUDE_IN_FRAMEWORK_HEADER = YES;
				CLANG_WARN_RANGE_LOOP_ANALYSIS = YES;
				CLANG_WARN_STRICT_PROTOTYPES = YES;
				CLANG_WARN_SUSPICIOUS_MOVE = YES;
				CLANG_WARN_UNGUARDED_AVAILABILITY = YES_AGGRESSIVE;
				CLANG_WARN_UNREACHABLE_CODE = YES;
				CLANG_WARN__DUPLICATE_METHOD_MATCH = YES;
				COPY_PHASE_STRIP = NO;
				DEBUG_INFORMATION_FORMAT = "dwarf-with-dsym";
				ENABLE_NS_ASSERTIONS = NO;
				ENABLE_STRICT_OBJC_MSGSEND = YES;
				GCC_C_LANGUAGE_STANDARD = gnu11;
				GCC_NO_COMMON_BLOCKS = YES;
				GCC_WARN_64_TO_32_BIT_CONVERSION = YES;
				GCC_WARN_ABOUT_RETURN_TYPE = YES_ERROR;
				GCC_WARN_UNDECLARED_SELECTOR = YES;
				GCC_WARN_UNINITIALIZED_AUTOS = YES_AGGRESSIVE;
				GCC_WARN_UNUSED_FUNCTION = YES;
				GCC_WARN_UNUSED_VARIABLE = YES;
				IPHONEOS_DEPLOYMENT_TARGET = 16.4;
				MTL_ENABLE_DEBUG_INFO = NO;
				MTL_FAST_MATH = YES;
				SDKROOT = iphoneos;
				SWIFT_COMPILATION_MODE = wholemodule;
				SWIFT_OPTIMIZATION_LEVEL = "-O";
				VALIDATE_PRODUCT = YES;
			};
			name = Release;
		};
		5702EEF22A7E299F00C484CF /* Debug */ = {
			isa = XCBuildConfiguration;
			buildSettings = {
				ASSETCATALOG_COMPILER_APPICON_NAME = AppIcon;
				ASSETCATALOG_COMPILER_GLOBAL_ACCENT_COLOR_NAME = AccentColor;
				CODE_SIGN_STYLE = Automatic;
				CURRENT_PROJECT_VERSION = 1;
				DEVELOPMENT_TEAM = 76ZQP5U43X;
				GENERATE_INFOPLIST_FILE = YES;
				INFOPLIST_FILE = newsfeed/Info.plist;
				INFOPLIST_KEY_UIApplicationSupportsIndirectInputEvents = YES;
				INFOPLIST_KEY_UILaunchStoryboardName = LaunchScreen;
				INFOPLIST_KEY_UIMainStoryboardFile = "";
				INFOPLIST_KEY_UISupportedInterfaceOrientations_iPad = "UIInterfaceOrientationPortrait UIInterfaceOrientationPortraitUpsideDown UIInterfaceOrientationLandscapeLeft UIInterfaceOrientationLandscapeRight";
				INFOPLIST_KEY_UISupportedInterfaceOrientations_iPhone = "UIInterfaceOrientationPortrait UIInterfaceOrientationLandscapeLeft UIInterfaceOrientationLandscapeRight";
				LD_RUNPATH_SEARCH_PATHS = (
					"$(inherited)",
					"@executable_path/Frameworks",
				);
				MARKETING_VERSION = 1.0;
				PRODUCT_BUNDLE_IDENTIFIER = com.victorshablyko.newsfeed;
				PRODUCT_NAME = "$(TARGET_NAME)";
				SWIFT_EMIT_LOC_STRINGS = YES;
				SWIFT_VERSION = 5.0;
				TARGETED_DEVICE_FAMILY = "1,2";
			};
			name = Debug;
		};
		5702EEF32A7E299F00C484CF /* Release */ = {
			isa = XCBuildConfiguration;
			buildSettings = {
				ASSETCATALOG_COMPILER_APPICON_NAME = AppIcon;
				ASSETCATALOG_COMPILER_GLOBAL_ACCENT_COLOR_NAME = AccentColor;
				CODE_SIGN_STYLE = Automatic;
				CURRENT_PROJECT_VERSION = 1;
				DEVELOPMENT_TEAM = 76ZQP5U43X;
				GENERATE_INFOPLIST_FILE = YES;
				INFOPLIST_FILE = newsfeed/Info.plist;
				INFOPLIST_KEY_UIApplicationSupportsIndirectInputEvents = YES;
				INFOPLIST_KEY_UILaunchStoryboardName = LaunchScreen;
				INFOPLIST_KEY_UIMainStoryboardFile = "";
				INFOPLIST_KEY_UISupportedInterfaceOrientations_iPad = "UIInterfaceOrientationPortrait UIInterfaceOrientationPortraitUpsideDown UIInterfaceOrientationLandscapeLeft UIInterfaceOrientationLandscapeRight";
				INFOPLIST_KEY_UISupportedInterfaceOrientations_iPhone = "UIInterfaceOrientationPortrait UIInterfaceOrientationLandscapeLeft UIInterfaceOrientationLandscapeRight";
				LD_RUNPATH_SEARCH_PATHS = (
					"$(inherited)",
					"@executable_path/Frameworks",
				);
				MARKETING_VERSION = 1.0;
				PRODUCT_BUNDLE_IDENTIFIER = com.victorshablyko.newsfeed;
				PRODUCT_NAME = "$(TARGET_NAME)";
				SWIFT_EMIT_LOC_STRINGS = YES;
				SWIFT_VERSION = 5.0;
				TARGETED_DEVICE_FAMILY = "1,2";
			};
			name = Release;
		};
/* End XCBuildConfiguration section */

/* Begin XCConfigurationList section */
		5702EED82A7E299C00C484CF /* Build configuration list for PBXProject "newsfeed" */ = {
			isa = XCConfigurationList;
			buildConfigurations = (
				5702EEEF2A7E299F00C484CF /* Debug */,
				5702EEF02A7E299F00C484CF /* Release */,
			);
			defaultConfigurationIsVisible = 0;
			defaultConfigurationName = Release;
		};
		5702EEF12A7E299F00C484CF /* Build configuration list for PBXNativeTarget "newsfeed" */ = {
			isa = XCConfigurationList;
			buildConfigurations = (
				5702EEF22A7E299F00C484CF /* Debug */,
				5702EEF32A7E299F00C484CF /* Release */,
			);
			defaultConfigurationIsVisible = 0;
			defaultConfigurationName = Release;
		};
/* End XCConfigurationList section */
	};
	rootObject = 5702EED52A7E299C00C484CF /* Project object */;
}
